
Microsoft Visual Studio Solution File, Format Version 12.00
# Visual Studio Version 16
VisualStudioVersion = 16.0.30413.136
MinimumVisualStudioVersion = 10.0.40219.1
Project("{FAE04EC0-301F-11D3-BF4B-00C04F79EFBC}") = "Npgg.Algorithm.Tests", "Npgg.Algorithm.Tests\Npgg.Algorithm.Tests.csproj", "{5280BE03-8E2C-46F4-B59F-DBDB63DB88C2}"
EndProject
Project("{FAE04EC0-301F-11D3-BF4B-00C04F79EFBC}") = "Sampler", "Sampler\Sampler.csproj", "{69D58A2E-2825-4580-9AAA-482993E6F342}"
EndProject
Global
	GlobalSection(SolutionConfigurationPlatforms) = preSolution
		Debug|Any CPU = Debug|Any CPU
		Release|Any CPU = Release|Any CPU
	EndGlobalSection
	GlobalSection(ProjectConfigurationPlatforms) = postSolution
		{5280BE03-8E2C-46F4-B59F-DBDB63DB88C2}.Debug|Any CPU.ActiveCfg = Debug|Any CPU
		{5280BE03-8E2C-46F4-B59F-DBDB63DB88C2}.Debug|Any CPU.Build.0 = Debug|Any CPU
		{5280BE03-8E2C-46F4-B59F-DBDB63DB88C2}.Release|Any CPU.ActiveCfg = Release|Any CPU
		{5280BE03-8E2C-46F4-B59F-DBDB63DB88C2}.Release|Any CPU.Build.0 = Release|Any CPU
		{69D58A2E-2825-4580-9AAA-482993E6F342}.Debug|Any CPU.ActiveCfg = Debug|Any CPU
		{69D58A2E-2825-4580-9AAA-482993E6F342}.Debug|Any CPU.Build.0 = Debug|Any CPU
		{69D58A2E-2825-4580-9AAA-482993E6F342}.Release|Any CPU.ActiveCfg = Release|Any CPU
		{69D58A2E-2825-4580-9AAA-482993E6F342}.Release|Any CPU.Build.0 = Release|Any CPU
	EndGlobalSection
	GlobalSection(SolutionProperties) = preSolution
		HideSolutionNode = FALSE
	EndGlobalSection
	GlobalSection(ExtensibilityGlobals) = postSolution
		SolutionGuid = {2EDED152-2C5D-40D3-BB85-76B263014DF4}
	EndGlobalSection
EndGlobal
